
Microsoft Visual Studio Solution File, Format Version 11.00
# Visual Studio 2010
Project("{FAE04EC0-301F-11D3-BF4B-00C04F79EFBC}") = "Mr.Pacman", "Mr.Pacman\Mr.Pacman.csproj", "{535C2625-F16D-4639-8385-D3116C3AB23A}"
EndProject
Global
	GlobalSection(SolutionConfigurationPlatforms) = preSolution
		Debug|x86 = Debug|x86
		Release|x86 = Release|x86
	EndGlobalSection
	GlobalSection(ProjectConfigurationPlatforms) = postSolution
		{535C2625-F16D-4639-8385-D3116C3AB23A}.Debug|x86.ActiveCfg = Debug|x86
		{535C2625-F16D-4639-8385-D3116C3AB23A}.Debug|x86.Build.0 = Debug|x86
		{535C2625-F16D-4639-8385-D3116C3AB23A}.Release|x86.ActiveCfg = Release|x86
		{535C2625-F16D-4639-8385-D3116C3AB23A}.Release|x86.Build.0 = Release|x86
	EndGlobalSection
	GlobalSection(SolutionProperties) = preSolution
		HideSolutionNode = FALSE
	EndGlobalSection
EndGlobal
